
Microsoft Visual Studio Solution File, Format Version 12.00
# Visual Studio 15
VisualStudioVersion = 15.0.27428.1
MinimumVisualStudioVersion = 10.0.40219.1
Project("{888888A0-9F3D-457C-B088-3A5042F75D52}") = "FIEK-UDP_Klienti", "FIEK-UDP_Klienti.pyproj", "{3C6DBC99-70FC-427F-962C-FB36B80DCCED}"
EndProject
Global
	GlobalSection(SolutionConfigurationPlatforms) = preSolution
		Debug|Any CPU = Debug|Any CPU
		Release|Any CPU = Release|Any CPU
	EndGlobalSection
	GlobalSection(ProjectConfigurationPlatforms) = postSolution
		{3C6DBC99-70FC-427F-962C-FB36B80DCCED}.Debug|Any CPU.ActiveCfg = Debug|Any CPU
		{3C6DBC99-70FC-427F-962C-FB36B80DCCED}.Release|Any CPU.ActiveCfg = Release|Any CPU
	EndGlobalSection
	GlobalSection(SolutionProperties) = preSolution
		HideSolutionNode = FALSE
	EndGlobalSection
	GlobalSection(ExtensibilityGlobals) = postSolution
		SolutionGuid = {193C90E5-F85A-437A-AEBE-E4BE2EBFC3BA}
	EndGlobalSection
EndGlobal
